
Microsoft Visual Studio Solution File, Format Version 12.00
# Visual Studio 15
VisualStudioVersion = 15.0.28010.2050
MinimumVisualStudioVersion = 10.0.40219.1
Project("{FAE04EC0-301F-11D3-BF4B-00C04F79EFBC}") = "LibPriorityQueue", "LibPriorityQueue\LibPriorityQueue.csproj", "{DE8ED290-B8B7-4FF4-9276-C64A3B591855}"
EndProject
Project("{FAE04EC0-301F-11D3-BF4B-00C04F79EFBC}") = "UnitTestPriorityQueue", "UnitTestPriorityQueue\UnitTestPriorityQueue.csproj", "{6D3606DA-E749-4FC6-9F0D-5FB20B1D658B}"
EndProject
Global
	GlobalSection(SolutionConfigurationPlatforms) = preSolution
		Debug|Any CPU = Debug|Any CPU
		Release|Any CPU = Release|Any CPU
	EndGlobalSection
	GlobalSection(ProjectConfigurationPlatforms) = postSolution
		{DE8ED290-B8B7-4FF4-9276-C64A3B591855}.Debug|Any CPU.ActiveCfg = Debug|Any CPU
		{DE8ED290-B8B7-4FF4-9276-C64A3B591855}.Debug|Any CPU.Build.0 = Debug|Any CPU
		{DE8ED290-B8B7-4FF4-9276-C64A3B591855}.Release|Any CPU.ActiveCfg = Release|Any CPU
		{DE8ED290-B8B7-4FF4-9276-C64A3B591855}.Release|Any CPU.Build.0 = Release|Any CPU
		{6D3606DA-E749-4FC6-9F0D-5FB20B1D658B}.Debug|Any CPU.ActiveCfg = Debug|Any CPU
		{6D3606DA-E749-4FC6-9F0D-5FB20B1D658B}.Debug|Any CPU.Build.0 = Debug|Any CPU
		{6D3606DA-E749-4FC6-9F0D-5FB20B1D658B}.Release|Any CPU.ActiveCfg = Release|Any CPU
		{6D3606DA-E749-4FC6-9F0D-5FB20B1D658B}.Release|Any CPU.Build.0 = Release|Any CPU
	EndGlobalSection
	GlobalSection(SolutionProperties) = preSolution
		HideSolutionNode = FALSE
	EndGlobalSection
	GlobalSection(ExtensibilityGlobals) = postSolution
		SolutionGuid = {2FBE6F76-ECE1-4D45-8994-C38E5244065B}
	EndGlobalSection
EndGlobal
